// !$*UTF8*$!
{
	archiveVersion = 1;
	classes = {
	};
	objectVersion = 50;
	objects = {

/* Begin PBXBuildFile section */
		45925DB125BC13E600C1C9C7 /* UIRating.framework in Frameworks */ = {isa = PBXBuildFile; fileRef = 45925DB025BC13E600C1C9C7 /* UIRating.framework */; };
		45925DB225BC13E700C1C9C7 /* UIRating.framework in Embed Frameworks */ = {isa = PBXBuildFile; fileRef = 45925DB025BC13E600C1C9C7 /* UIRating.framework */; settings = {ATTRIBUTES = (CodeSignOnCopy, RemoveHeadersOnCopy, ); }; };
		45C9C3D125BC0E1900146E2A /* AppDelegate.swift in Sources */ = {isa = PBXBuildFile; fileRef = 45C9C3D025BC0E1900146E2A /* AppDelegate.swift */; };
		45C9C3D525BC0E1900146E2A /* ViewController.swift in Sources */ = {isa = PBXBuildFile; fileRef = 45C9C3D425BC0E1900146E2A /* ViewController.swift */; };
		45C9C3DA25BC0E1F00146E2A /* Assets.xcassets in Resources */ = {isa = PBXBuildFile; fileRef = 45C9C3D925BC0E1F00146E2A /* Assets.xcassets */; };
		45C9C3DD25BC0E1F00146E2A /* LaunchScreen.storyboard in Resources */ = {isa = PBXBuildFile; fileRef = 45C9C3DB25BC0E1F00146E2A /* LaunchScreen.storyboard */; };
/* End PBXBuildFile section */

/* Begin PBXCopyFilesBuildPhase section */
		45925DB325BC13E700C1C9C7 /* Embed Frameworks */ = {
			isa = PBXCopyFilesBuildPhase;
			buildActionMask = 2147483647;
			dstPath = "";
			dstSubfolderSpec = 10;
			files = (
				45925DB225BC13E700C1C9C7 /* UIRating.framework in Embed Frameworks */,
			);
			name = "Embed Frameworks";
			runOnlyForDeploymentPostprocessing = 0;
		};
/* End PBXCopyFilesBuildPhase section */

/* Begin PBXFileReference section */
		45925D9E25BC138100C1C9C7 /* UIRating.framework */ = {isa = PBXFileReference; explicitFileType = wrapper.framework; path = UIRating.framework; sourceTree = BUILT_PRODUCTS_DIR; };
		45925DA225BC138B00C1C9C7 /* UIRating.framework */ = {isa = PBXFileReference; explicitFileType = wrapper.framework; path = UIRating.framework; sourceTree = BUILT_PRODUCTS_DIR; };
		45925DB025BC13E600C1C9C7 /* UIRating.framework */ = {isa = PBXFileReference; explicitFileType = wrapper.framework; path = UIRating.framework; sourceTree = BUILT_PRODUCTS_DIR; };
		45C9C3CD25BC0E1900146E2A /* Example.app */ = {isa = PBXFileReference; explicitFileType = wrapper.application; includeInIndex = 0; path = Example.app; sourceTree = BUILT_PRODUCTS_DIR; };
		45C9C3D025BC0E1900146E2A /* AppDelegate.swift */ = {isa = PBXFileReference; lastKnownFileType = sourcecode.swift; path = AppDelegate.swift; sourceTree = "<group>"; };
		45C9C3D425BC0E1900146E2A /* ViewController.swift */ = {isa = PBXFileReference; lastKnownFileType = sourcecode.swift; path = ViewController.swift; sourceTree = "<group>"; };
		45C9C3D925BC0E1F00146E2A /* Assets.xcassets */ = {isa = PBXFileReference; lastKnownFileType = folder.assetcatalog; path = Assets.xcassets; sourceTree = "<group>"; };
		45C9C3DC25BC0E1F00146E2A /* Base */ = {isa = PBXFileReference; lastKnownFileType = file.storyboard; name = Base; path = Base.lproj/LaunchScreen.storyboard; sourceTree = "<group>"; };
		45C9C3DE25BC0E1F00146E2A /* Info.plist */ = {isa = PBXFileReference; lastKnownFileType = text.plist.xml; path = Info.plist; sourceTree = "<group>"; };
		45C9C40525BC107F00146E2A /* UIRating.framework */ = {isa = PBXFileReference; explicitFileType = wrapper.framework; path = UIRating.framework; sourceTree = BUILT_PRODUCTS_DIR; };
		45C9C40E25BC11BA00146E2A /* UIRating.framework */ = {isa = PBXFileReference; explicitFileType = wrapper.framework; path = UIRating.framework; sourceTree = BUILT_PRODUCTS_DIR; };
/* End PBXFileReference section */

/* Begin PBXFrameworksBuildPhase section */
		45C9C3CA25BC0E1900146E2A /* Frameworks */ = {
			isa = PBXFrameworksBuildPhase;
			buildActionMask = 2147483647;
			files = (
				45925DB125BC13E600C1C9C7 /* UIRating.framework in Frameworks */,
			);
			runOnlyForDeploymentPostprocessing = 0;
		};
/* End PBXFrameworksBuildPhase section */

/* Begin PBXGroup section */
		45C9C3C425BC0E1900146E2A = {
			isa = PBXGroup;
			children = (
				45C9C3CF25BC0E1900146E2A /* Example */,
				45C9C3CE25BC0E1900146E2A /* Products */,
				45C9C40425BC107F00146E2A /* Frameworks */,
			);
			sourceTree = "<group>";
		};
		45C9C3CE25BC0E1900146E2A /* Products */ = {
			isa = PBXGroup;
			children = (
				45C9C3CD25BC0E1900146E2A /* Example.app */,
			);
			name = Products;
			sourceTree = "<group>";
		};
		45C9C3CF25BC0E1900146E2A /* Example */ = {
			isa = PBXGroup;
			children = (
				45C9C3D025BC0E1900146E2A /* AppDelegate.swift */,
				45C9C3D425BC0E1900146E2A /* ViewController.swift */,
				45C9C3D925BC0E1F00146E2A /* Assets.xcassets */,
				45C9C3DB25BC0E1F00146E2A /* LaunchScreen.storyboard */,
				45C9C3DE25BC0E1F00146E2A /* Info.plist */,
			);
			path = Example;
			sourceTree = "<group>";
		};
		45C9C40425BC107F00146E2A /* Frameworks */ = {
			isa = PBXGroup;
			children = (
				45925DB025BC13E600C1C9C7 /* UIRating.framework */,
				45925DA225BC138B00C1C9C7 /* UIRating.framework */,
				45925D9E25BC138100C1C9C7 /* UIRating.framework */,
				45C9C40E25BC11BA00146E2A /* UIRating.framework */,
				45C9C40525BC107F00146E2A /* UIRating.framework */,
			);
			name = Frameworks;
			sourceTree = "<group>";
		};
/* End PBXGroup section */

/* Begin PBXNativeTarget section */
		45C9C3CC25BC0E1900146E2A /* Example */ = {
			isa = PBXNativeTarget;
			buildConfigurationList = 45C9C3E125BC0E1F00146E2A /* Build configuration list for PBXNativeTarget "Example" */;
			buildPhases = (
				45C9C3C925BC0E1900146E2A /* Sources */,
				45C9C3CA25BC0E1900146E2A /* Frameworks */,
				45C9C3CB25BC0E1900146E2A /* Resources */,
				45925DB325BC13E700C1C9C7 /* Embed Frameworks */,
			);
			buildRules = (
			);
			dependencies = (
			);
			name = Example;
			productName = Example;
			productReference = 45C9C3CD25BC0E1900146E2A /* Example.app */;
			productType = "com.apple.product-type.application";
		};
/* End PBXNativeTarget section */

/* Begin PBXProject section */
		45C9C3C525BC0E1900146E2A /* Project object */ = {
			isa = PBXProject;
			attributes = {
				LastSwiftUpdateCheck = 1230;
				LastUpgradeCheck = 1230;
				TargetAttributes = {
					45C9C3CC25BC0E1900146E2A = {
						CreatedOnToolsVersion = 12.3;
					};
				};
			};
			buildConfigurationList = 45C9C3C825BC0E1900146E2A /* Build configuration list for PBXProject "Example" */;
			compatibilityVersion = "Xcode 9.3";
			developmentRegion = en;
			hasScannedForEncodings = 0;
			knownRegions = (
				en,
				Base,
			);
			mainGroup = 45C9C3C425BC0E1900146E2A;
			productRefGroup = 45C9C3CE25BC0E1900146E2A /* Products */;
			projectDirPath = "";
			projectRoot = "";
			targets = (
				45C9C3CC25BC0E1900146E2A /* Example */,
			);
		};
/* End PBXProject section */

/* Begin PBXResourcesBuildPhase section */
		45C9C3CB25BC0E1900146E2A /* Resources */ = {
			isa = PBXResourcesBuildPhase;
			buildActionMask = 2147483647;
			files = (
				45C9C3DD25BC0E1F00146E2A /* LaunchScreen.storyboard in Resources */,
				45C9C3DA25BC0E1F00146E2A /* Assets.xcassets in Resources */,
			);
			runOnlyForDeploymentPostprocessing = 0;
		};
/* End PBXResourcesBuildPhase section */

/* Begin PBXSourcesBuildPhase section */
		45C9C3C925BC0E1900146E2A /* Sources */ = {
			isa = PBXSourcesBuildPhase;
			buildActionMask = 2147483647;
			files = (
				45C9C3D525BC0E1900146E2A /* ViewController.swift in Sources */,
				45C9C3D125BC0E1900146E2A /* AppDelegate.swift in Sources */,
			);
			runOnlyForDeploymentPostprocessing = 0;
		};
/* End PBXSourcesBuildPhase section */

/* Begin PBXVariantGroup section */
		45C9C3DB25BC0E1F00146E2A /* LaunchScreen.storyboard */ = {
			isa = PBXVariantGroup;
			children = (
				45C9C3DC25BC0E1F00146E2A /* Base */,
			);
			name = LaunchScreen.storyboard;
			sourceTree = "<group>";
		};
/* End PBXVariantGroup section */

/* Begin XCBuildConfiguration section */
		45C9C3DF25BC0E1F00146E2A /* Debug */ = {
			isa = XCBuildConfiguration;
			buildSettings = {
				ALWAYS_SEARCH_USER_PATHS = NO;
				CLANG_ANALYZER_NONNULL = YES;
				CLANG_ANALYZER_NUMBER_OBJECT_CONVERSION = YES_AGGRESSIVE;
				CLANG_CXX_LANGUAGE_STANDARD = "gnu++14";
				CLANG_CXX_LIBRARY = "libc++";
				CLANG_ENABLE_MODULES = YES;
				CLANG_ENABLE_OBJC_ARC = YES;
				CLANG_ENABLE_OBJC_WEAK = YES;
				CLANG_WARN_BLOCK_CAPTURE_AUTORELEASING = YES;
				CLANG_WARN_BOOL_CONVERSION = YES;
				CLANG_WARN_COMMA = YES;
				CLANG_WARN_CONSTANT_CONVERSION = YES;
				CLANG_WARN_DEPRECATED_OBJC_IMPLEMENTATIONS = YES;
				CLANG_WARN_DIRECT_OBJC_ISA_USAGE = YES_ERROR;
				CLANG_WARN_DOCUMENTATION_COMMENTS = YES;
				CLANG_WARN_EMPTY_BODY = YES;
				CLANG_WARN_ENUM_CONVERSION = YES;
				CLANG_WARN_INFINITE_RECURSION = YES;
				CLANG_WARN_INT_CONVERSION = YES;
				CLANG_WARN_NON_LITERAL_NULL_CONVERSION = YES;
				CLANG_WARN_OBJC_IMPLICIT_RETAIN_SELF = YES;
				CLANG_WARN_OBJC_LITERAL_CONVERSION = YES;
				CLANG_WARN_OBJC_ROOT_CLASS = YES_ERROR;
				CLANG_WARN_QUOTED_INCLUDE_IN_FRAMEWORK_HEADER = YES;
				CLANG_WARN_RANGE_LOOP_ANALYSIS = YES;
				CLANG_WARN_STRICT_PROTOTYPES = YES;
				CLANG_WARN_SUSPICIOUS_MOVE = YES;
				CLANG_WARN_UNGUARDED_AVAILABILITY = YES_AGGRESSIVE;
				CLANG_WARN_UNREACHABLE_CODE = YES;
				CLANG_WARN__DUPLICATE_METHOD_MATCH = YES;
				COPY_PHASE_STRIP = NO;
				DEBUG_INFORMATION_FORMAT = dwarf;
				ENABLE_STRICT_OBJC_MSGSEND = YES;
				ENABLE_TESTABILITY = YES;
				GCC_C_LANGUAGE_STANDARD = gnu11;
				GCC_DYNAMIC_NO_PIC = NO;
				GCC_NO_COMMON_BLOCKS = YES;
				GCC_OPTIMIZATION_LEVEL = 0;
				GCC_PREPROCESSOR_DEFINITIONS = (
					"DEBUG=1",
					"$(inherited)",
				);
				GCC_WARN_64_TO_32_BIT_CONVERSION = YES;
				GCC_WARN_ABOUT_RETURN_TYPE = YES_ERROR;
				GCC_WARN_UNDECLARED_SELECTOR = YES;
				GCC_WARN_UNINITIALIZED_AUTOS = YES_AGGRESSIVE;
				GCC_WARN_UNUSED_FUNCTION = YES;
				GCC_WARN_UNUSED_VARIABLE = YES;
				IPHONEOS_DEPLOYMENT_TARGET = 14.3;
				MTL_ENABLE_DEBUG_INFO = INCLUDE_SOURCE;
				MTL_FAST_MATH = YES;
				ONLY_ACTIVE_ARCH = YES;
				SDKROOT = iphoneos;
				SWIFT_ACTIVE_COMPILATION_CONDITIONS = DEBUG;
				SWIFT_OPTIMIZATION_LEVEL = "-Onone";
			};
			name = Debug;
		};
		45C9C3E025BC0E1F00146E2A /* Release */ = {
			isa = XCBuildConfiguration;
			buildSettings = {
				ALWAYS_SEARCH_USER_PATHS = NO;
				CLANG_ANALYZER_NONNULL = YES;
				CLANG_ANALYZER_NUMBER_OBJECT_CONVERSION = YES_AGGRESSIVE;
				CLANG_CXX_LANGUAGE_STANDARD = "gnu++14";
				CLANG_CXX_LIBRARY = "libc++";
				CLANG_ENABLE_MODULES = YES;
				CLANG_ENABLE_OBJC_ARC = YES;
				CLANG_ENABLE_OBJC_WEAK = YES;
				CLANG_WARN_BLOCK_CAPTURE_AUTORELEASING = YES;
				CLANG_WARN_BOOL_CONVERSION = YES;
				CLANG_WARN_COMMA = YES;
				CLANG_WARN_CONSTANT_CONVERSION = YES;
				CLANG_WARN_DEPRECATED_OBJC_IMPLEMENTATIONS = YES;
				CLANG_WARN_DIRECT_OBJC_ISA_USAGE = YES_ERROR;
				CLANG_WARN_DOCUMENTATION_COMMENTS = YES;
				CLANG_WARN_EMPTY_BODY = YES;
				CLANG_WARN_ENUM_CONVERSION = YES;
				CLANG_WARN_INFINITE_RECURSION = YES;
				CLANG_WARN_INT_CONVERSION = YES;
				CLANG_WARN_NON_LITERAL_NULL_CONVERSION = YES;
				CLANG_WARN_OBJC_IMPLICIT_RETAIN_SELF = YES;
				CLANG_WARN_OBJC_LITERAL_CONVERSION = YES;
				CLANG_WARN_OBJC_ROOT_CLASS = YES_ERROR;
				CLANG_WARN_QUOTED_INCLUDE_IN_FRAMEWORK_HEADER = YES;
				CLANG_WARN_RANGE_LOOP_ANALYSIS = YES;
				CLANG_WARN_STRICT_PROTOTYPES = YES;
				CLANG_WARN_SUSPICIOUS_MOVE = YES;
				CLANG_WARN_UNGUARDED_AVAILABILITY = YES_AGGRESSIVE;
				CLANG_WARN_UNREACHABLE_CODE = YES;
				CLANG_WARN__DUPLICATE_METHOD_MATCH = YES;
				COPY_PHASE_STRIP = NO;
				DEBUG_INFORMATION_FORMAT = "dwarf-with-dsym";
				ENABLE_NS_ASSERTIONS = NO;
				ENABLE_STRICT_OBJC_MSGSEND = YES;
				GCC_C_LANGUAGE_STANDARD = gnu11;
				GCC_NO_COMMON_BLOCKS = YES;
				GCC_WARN_64_TO_32_BIT_CONVERSION = YES;
				GCC_WARN_ABOUT_RETURN_TYPE = YES_ERROR;
				GCC_WARN_UNDECLARED_SELECTOR = YES;
				GCC_WARN_UNINITIALIZED_AUTOS = YES_AGGRESSIVE;
				GCC_WARN_UNUSED_FUNCTION = YES;
				GCC_WARN_UNUSED_VARIABLE = YES;
				IPHONEOS_DEPLOYMENT_TARGET = 14.3;
				MTL_ENABLE_DEBUG_INFO = NO;
				MTL_FAST_MATH = YES;
				SDKROOT = iphoneos;
				SWIFT_COMPILATION_MODE = wholemodule;
				SWIFT_OPTIMIZATION_LEVEL = "-O";
				VALIDATE_PRODUCT = YES;
			};
			name = Release;
		};
		45C9C3E225BC0E1F00146E2A /* Debug */ = {
			isa = XCBuildConfiguration;
			buildSettings = {
				ASSETCATALOG_COMPILER_APPICON_NAME = AppIcon;
				ASSETCATALOG_COMPILER_GLOBAL_ACCENT_COLOR_NAME = AccentColor;
				CODE_SIGN_STYLE = Automatic;
				DEVELOPMENT_TEAM = 589RNFRDJ2;
				INFOPLIST_FILE = Example/Info.plist;
				IPHONEOS_DEPLOYMENT_TARGET = 11.0;
				LD_RUNPATH_SEARCH_PATHS = (
					"$(inherited)",
					"@executable_path/Frameworks",
				);
				PRODUCT_BUNDLE_IDENTIFIER = shadow.co.Example;
				PRODUCT_NAME = "$(TARGET_NAME)";
				SWIFT_VERSION = 5.0;
				TARGETED_DEVICE_FAMILY = "1,2";
			};
			name = Debug;
		};
		45C9C3E325BC0E1F00146E2A /* Release */ = {
			isa = XCBuildConfiguration;
			buildSettings = {
				ASSETCATALOG_COMPILER_APPICON_NAME = AppIcon;
				ASSETCATALOG_COMPILER_GLOBAL_ACCENT_COLOR_NAME = AccentColor;
				CODE_SIGN_STYLE = Automatic;
				DEVELOPMENT_TEAM = 589RNFRDJ2;
				INFOPLIST_FILE = Example/Info.plist;
				IPHONEOS_DEPLOYMENT_TARGET = 11.0;
				LD_RUNPATH_SEARCH_PATHS = (
					"$(inherited)",
					"@executable_path/Frameworks",
				);
				PRODUCT_BUNDLE_IDENTIFIER = shadow.co.Example;
				PRODUCT_NAME = "$(TARGET_NAME)";
				SWIFT_VERSION = 5.0;
				TARGETED_DEVICE_FAMILY = "1,2";
			};
			name = Release;
		};
/* End XCBuildConfiguration section */

/* Begin XCConfigurationList section */
		45C9C3C825BC0E1900146E2A /* Build configuration list for PBXProject "Example" */ = {
			isa = XCConfigurationList;
			buildConfigurations = (
				45C9C3DF25BC0E1F00146E2A /* Debug */,
				45C9C3E025BC0E1F00146E2A /* Release */,
			);
			defaultConfigurationIsVisible = 0;
			defaultConfigurationName = Release;
		};
		45C9C3E125BC0E1F00146E2A /* Build configuration list for PBXNativeTarget "Example" */ = {
			isa = XCConfigurationList;
			buildConfigurations = (
				45C9C3E225BC0E1F00146E2A /* Debug */,
				45C9C3E325BC0E1F00146E2A /* Release */,
			);
			defaultConfigurationIsVisible = 0;
			defaultConfigurationName = Release;
		};
/* End XCConfigurationList section */
	};
	rootObject = 45C9C3C525BC0E1900146E2A /* Project object */;
}
